{
  "name": "hyperons-benchmark",
  "version": "0.0.0",
  "lockfileVersion": 2,
  "requires": true,
  "packages": {
    "": {
      "name": "hyperons-benchmark",
      "version": "0.0.0",
      "license": "ISC",
      "dependencies": {
        "@hyperapp/render": "^2.1.0",
        "benchmark": "^2.1.4",
        "hyperapp": "^1.2.9",
        "inferno": "^8.2.0",
        "inferno-create-element": "^8.2.0",
        "inferno-server": "^8.2.0",
        "nerv-server": "^1.5.6",
        "nervjs": "^1.5.6",
        "preact": "^10.11.2",
        "preact-render-to-string": "^5.2.6",
        "rax": "^1.2.2",
        "rax-server-renderer": "^1.4.0",
        "react": "^18.2.0",
        "react-dom": "^18.2.0",
        "vdo": "^4.2.0"
      }
    },
    "node_modules/@babel/runtime": {
      "version": "7.15.4",
      "resolved": "https://registry.npmjs.org/@babel/runtime/-/runtime-7.15.4.tgz",
      "integrity": "sha512-99catp6bHCaxr4sJ/DbTGgHS4+Rs2RVd2g7iOap6SLGPDknRK9ztKNsE/Fg6QhSeh1FGE5f6gHGQmvvn3I3xhw==",
      "dependencies": {
        "regenerator-runtime": "^0.13.4"
      },
      "engines": {
        "node": ">=6.9.0"
      }
    },
    "node_modules/@hyperapp/render": {
      "version": "2.1.0",
      "resolved": "https://registry.npmjs.org/@hyperapp/render/-/render-2.1.0.tgz",
      "integrity": "sha512-Fz9us33EqzzLGO3olcY1YIY3ywe2GAe8nnixGYBywiKTp05ZmgQHAlqG0JJylgBItwn+NEuDpobfXWAe4bFbyQ==",
      "dependencies": {
        "@types/node": "*",
        "hyperapp": "^1.2.0"
      }
    },
    "node_modules/@types/node": {
      "version": "10.12.2",
      "resolved": "https://registry.npmjs.org/@types/node/-/node-10.12.2.tgz",
      "integrity": "sha512-53ElVDSnZeFUUFIYzI8WLQ25IhWzb6vbddNp8UHlXQyU0ET2RhV5zg0NfubzU7iNMh5bBXb0htCzfvrSVNgzaQ=="
    },
    "node_modules/@uni/env": {
      "version": "1.0.7",
      "resolved": "https://registry.npmjs.org/@uni/env/-/env-1.0.7.tgz",
      "integrity": "sha512-qSyMTfk/v15FsJiehe5ICd3OVj9oq+0f+IXYEd3fdkzL4FFsxCSMGgi0LEUUhDXA8qVnJyiflwUtMrqDaZQo3w=="
    },
    "node_modules/benchmark": {
      "version": "2.1.4",
      "resolved": "https://registry.npmjs.org/benchmark/-/benchmark-2.1.4.tgz",
      "integrity": "sha1-CfPeMckWQl1JjMLuVloOvzwqVik=",
      "dependencies": {
        "lodash": "^4.17.4",
        "platform": "^1.3.3"
      }
    },
    "node_modules/csstype": {
      "version": "3.1.2",
      "resolved": "https://registry.npmjs.org/csstype/-/csstype-3.1.2.tgz",
      "integrity": "sha512-I7K1Uu0MBPzaFKg4nI5Q7Vs2t+3gWWW648spaF+Rg7pI9ds18Ugn+lvg4SHczUdKlHI5LWBXyqfS8+DufyBsgQ=="
    },
    "node_modules/driver-server": {
      "version": "1.0.0",
      "resolved": "https://registry.npmjs.org/driver-server/-/driver-server-1.0.0.tgz",
      "integrity": "sha512-H5nhMzsSJYaug+PDPyXiVW2KvK5k7B7K+yVW3FuHESq494Soh1cfomquJ2pk5RiApQr1z0e+0tif11TVRlM+PQ=="
    },
    "node_modules/escape-html": {
      "version": "1.0.3",
      "resolved": "https://registry.npmjs.org/escape-html/-/escape-html-1.0.3.tgz",
      "integrity": "sha1-Aljq5NPQwJdN4cFpGI7wBR0dGYg="
    },
    "node_modules/flatten": {
      "version": "1.0.2",
      "resolved": "https://registry.npmjs.org/flatten/-/flatten-1.0.2.tgz",
      "integrity": "sha1-2uRqnXj74lKSJYzB54CkHZXAN4I=",
      "deprecated": "flatten is deprecated in favor of utility frameworks such as lodash.",
      "engines": {
        "node": "*"
      }
    },
    "node_modules/hyperapp": {
      "version": "1.2.9",
      "resolved": "https://registry.npmjs.org/hyperapp/-/hyperapp-1.2.9.tgz",
      "integrity": "sha512-bIzi12am7pyQ5nc2qnQpN6GWonjdJp+AghY7j9H9L0vccM1OQ3Cqn13cZlmS9KYm91Nf9fwF4KjvbQekFBxHVw==",
      "deprecated": "The Times They Are a-Changin. Please upgrade to Hyperapp 2"
    },
    "node_modules/inferno": {
      "version": "8.2.2",
      "resolved": "https://registry.npmjs.org/inferno/-/inferno-8.2.2.tgz",
      "integrity": "sha512-KyCPnsK6eEzAzC6Ulmkc2S3LQSZC6DJSLHdH4zurK2DQ7lyu7e+Q5SziG7/qKufhWtCUgTwUHVzaYk5E2BzI2Q==",
      "hasInstallScript": true,
      "dependencies": {
        "csstype": "^3.1.2",
        "inferno-vnode-flags": "8.2.2",
        "opencollective-postinstall": "^2.0.3"
      },
      "funding": {
        "type": "opencollective",
        "url": "https://opencollective.com/inferno"
      }
    },
    "node_modules/inferno-create-element": {
      "version": "8.2.2",
      "resolved": "https://registry.npmjs.org/inferno-create-element/-/inferno-create-element-8.2.2.tgz",
      "integrity": "sha512-/gO8SUJ/ZifwYazbC02SaCIuzdfRRoIrWU0C1OiA1zJIPmiw5y9UY5+bXogO0r6vWKWuugQROi9ymI0r5k1AAw==",
      "dependencies": {
        "inferno": "8.2.2"
      }
    },
    "node_modules/inferno-server": {
      "version": "8.2.2",
      "resolved": "https://registry.npmjs.org/inferno-server/-/inferno-server-8.2.2.tgz",
      "integrity": "sha512-zk+mx5uj5KISnNJqVbeGac+PTZ91/7t8uWrGmxIfWuCqUPxoLIFEVD0VkIdqKLKjqgTFt0eGcFcHT868PrRFag==",
      "dependencies": {
        "inferno": "8.2.2"
      },
      "engines": {
        "node": ">=8"
      }
    },
    "node_modules/inferno-vnode-flags": {
      "version": "8.2.2",
      "resolved": "https://registry.npmjs.org/inferno-vnode-flags/-/inferno-vnode-flags-8.2.2.tgz",
      "integrity": "sha512-ZyGXfFdaBpWCrU25jf/8PqB+C53WnFzpnctCYqL80fV0rQSem3Fjb6nIHGPOJdVc81TkXSKoyoCua/Qfbtc0rw=="
    },
    "node_modules/js-tokens": {
      "version": "4.0.0",
      "resolved": "https://registry.npmjs.org/js-tokens/-/js-tokens-4.0.0.tgz",
      "integrity": "sha512-RdJUflcE3cUzKiMqQgsCu06FPu9UdIJO0beYbPhHN4k6apgJtifcoCtT9bcxOpYBtpD2kCM6Sbzg4CausW/PKQ=="
    },
    "node_modules/lodash": {
      "version": "4.17.11",
      "resolved": "https://registry.npmjs.org/lodash/-/lodash-4.17.11.tgz",
      "integrity": "sha512-cQKh8igo5QUhZ7lg38DYWAxMvjSAKG0A8wGSVimP07SIUEK2UO+arSRKbRZWtelMtN5V0Hkwh5ryOto/SshYIg=="
    },
    "node_modules/loose-envify": {
      "version": "1.4.0",
      "resolved": "https://registry.npmjs.org/loose-envify/-/loose-envify-1.4.0.tgz",
      "integrity": "sha512-lyuxPGr/Wfhrlem2CL/UcnUc1zcqKAImBDzukY7Y5F/yQiNdko6+fRLevlw1HgMySw7f611UIY408EtxRSoK3Q==",
      "dependencies": {
        "js-tokens": "^3.0.0 || ^4.0.0"
      },
      "bin": {
        "loose-envify": "cli.js"
      }
    },
    "node_modules/nerv-server": {
      "version": "1.5.6",
      "resolved": "https://registry.npmjs.org/nerv-server/-/nerv-server-1.5.6.tgz",
      "integrity": "sha512-rTKZCN2SZhBJjfcgl2IGSYzhiamqYLfy8xzKfgNScT8DpIig7/+G8C+vd7uFulGBLbbDl8DIK8YISZWZVoxd1Q==",
      "dependencies": {
        "nerv-shared": "1.4.0",
        "nerv-utils": "1.4.5",
        "nervjs": "1.5.6"
      }
    },
    "node_modules/nerv-shared": {
      "version": "1.4.0",
      "resolved": "https://registry.npmjs.org/nerv-shared/-/nerv-shared-1.4.0.tgz",
      "integrity": "sha512-cCyeP1hnnnMfM5HRcmMKconGwI8Wl0xwekAU4DvqDC1M8NxCOF4TwDmedgdgyNt9EkWNbiotBRUV5zJsbfOQWA=="
    },
    "node_modules/nerv-utils": {
      "version": "1.4.5",
      "resolved": "https://registry.npmjs.org/nerv-utils/-/nerv-utils-1.4.5.tgz",
      "integrity": "sha512-9XeifC0l+aDXhA0aXcklxS2o7o87xJxMQAl1+iIHrD5Sei/61ubap0oOzb4t9VMhSEvwWm4/rJRd8PGMKZiwiA=="
    },
    "node_modules/nervjs": {
      "version": "1.5.6",
      "resolved": "https://registry.npmjs.org/nervjs/-/nervjs-1.5.6.tgz",
      "integrity": "sha512-2v8VkGCTUfOaD3C3s9fmCSRnYOw+6UWfbdVk3+vZZF+oD1Hp8+KpcObUV8EZL0GlWa9FhziDYGHOy4M70Fd6KA==",
      "dependencies": {
        "nerv-shared": "1.4.0",
        "nerv-utils": "1.4.5"
      }
    },
    "node_modules/object-assign": {
      "version": "4.1.1",
      "resolved": "https://registry.npmjs.org/object-assign/-/object-assign-4.1.1.tgz",
      "integrity": "sha1-IQmtx5ZYh8/AXLvUQsrIv7s2CGM=",
      "engines": {
        "node": ">=0.10.0"
      }
    },
    "node_modules/opencollective-postinstall": {
      "version": "2.0.3",
      "resolved": "https://registry.npmjs.org/opencollective-postinstall/-/opencollective-postinstall-2.0.3.tgz",
      "integrity": "sha512-8AV/sCtuzUeTo8gQK5qDZzARrulB3egtLzFgteqB2tcT4Mw7B8Kt7JcDHmltjz6FOAHsvTevk70gZEbhM4ZS9Q==",
      "bin": {
        "opencollective-postinstall": "index.js"
      }
    },
    "node_modules/platform": {
      "version": "1.3.5",
      "resolved": "https://registry.npmjs.org/platform/-/platform-1.3.5.tgz",
      "integrity": "sha512-TuvHS8AOIZNAlE77WUDiR4rySV/VMptyMfcfeoMgs4P8apaZM3JrnbzBiixKUv+XR6i+BXrQh8WAnjaSPFO65Q=="
    },
    "node_modules/preact": {
      "version": "10.11.3",
      "resolved": "https://registry.npmjs.org/preact/-/preact-10.11.3.tgz",
      "integrity": "sha512-eY93IVpod/zG3uMF22Unl8h9KkrcKIRs2EGar8hwLZZDU1lkjph303V9HZBwufh2s736U6VXuhD109LYqPoffg==",
      "funding": {
        "type": "opencollective",
        "url": "https://opencollective.com/preact"
      }
    },
    "node_modules/preact-render-to-string": {
      "version": "5.2.6",
      "resolved": "https://registry.npmjs.org/preact-render-to-string/-/preact-render-to-string-5.2.6.tgz",
      "integrity": "sha512-JyhErpYOvBV1hEPwIxc/fHWXPfnEGdRKxc8gFdAZ7XV4tlzyzG847XAyEZqoDnynP88akM4eaHcSOzNcLWFguw==",
      "dependencies": {
        "pretty-format": "^3.8.0"
      },
      "peerDependencies": {
        "preact": ">=10"
      }
    },
    "node_modules/pretty-format": {
      "version": "3.8.0",
      "resolved": "https://registry.npmjs.org/pretty-format/-/pretty-format-3.8.0.tgz",
      "integrity": "sha1-v77VbV6ad2ZF9LH/eqGjrE+jw4U="
    },
    "node_modules/prop-types": {
      "version": "15.7.2",
      "resolved": "https://registry.npmjs.org/prop-types/-/prop-types-15.7.2.tgz",
      "integrity": "sha512-8QQikdH7//R2vurIJSutZ1smHYTcLpRWEOlHnzcWHmBYrOGUysKwSsrC89BCiFj3CbrfJ/nXFdJepOVrY1GCHQ==",
      "dependencies": {
        "loose-envify": "^1.4.0",
        "object-assign": "^4.1.1",
        "react-is": "^16.8.1"
      }
    },
    "node_modules/rax": {
      "version": "1.2.2",
      "resolved": "https://registry.npmjs.org/rax/-/rax-1.2.2.tgz",
      "integrity": "sha512-SKUKSXoG2Dp+sFyiFyYzTGmhZlYGxusRSigcokAYTN3r4WTySreXs2WE+6nBBGg26aFyiCsBVHNeI86SQbVsQg==",
      "dependencies": {
        "@babel/runtime": "^7.2.0",
        "driver-server": "^1.0.0",
        "prop-types": "^15.7.2",
        "rax-children": "^1.0.0",
        "rax-clone-element": "^1.0.0",
        "rax-create-factory": "^1.0.0",
        "rax-is-valid-element": "^1.0.0"
      },
      "engines": {
        "npm": ">=3.0.0"
      }
    },
    "node_modules/rax-children": {
      "version": "1.0.0",
      "resolved": "https://registry.npmjs.org/rax-children/-/rax-children-1.0.0.tgz",
      "integrity": "sha512-sBKEXAMj9ik6SsPfPGgcQnqggmbWFyBdvAV/Cz/0f04bRA86BtWgbMri/9Dce0k8nkEC/BGWiiTdyA8Q49zIiw==",
      "engines": {
        "npm": ">=3.0.0"
      },
      "peerDependencies": {
        "rax": "^1.0.0"
      }
    },
    "node_modules/rax-clone-element": {
      "version": "1.0.0",
      "resolved": "https://registry.npmjs.org/rax-clone-element/-/rax-clone-element-1.0.0.tgz",
      "integrity": "sha512-TaQMVuzoglvCTjbWATlvvwARmeWnG8kpENWNXrNDv0++x29GHNND/TBbx7sdtVs/QmYwYc8YmwRUhaBwKQi5eQ==",
      "dependencies": {
        "rax-is-valid-element": "^1.0.0"
      },
      "engines": {
        "npm": ">=3.0.0"
      },
      "peerDependencies": {
        "rax": "^1.0.0"
      }
    },
    "node_modules/rax-create-factory": {
      "version": "1.0.0",
      "resolved": "https://registry.npmjs.org/rax-create-factory/-/rax-create-factory-1.0.0.tgz",
      "integrity": "sha512-blBaVrurj/BOWelJhQWiuc0Kk8Ons1jsNsX78omaPBLkSOL7OkyJ3NC/0iKXHu425yWrGB6e5vho/qabROC7VQ==",
      "engines": {
        "npm": ">=3.0.0"
      },
      "peerDependencies": {
        "rax": "^1.0.0"
      }
    },
    "node_modules/rax-is-valid-element": {
      "version": "1.0.0",
      "resolved": "https://registry.npmjs.org/rax-is-valid-element/-/rax-is-valid-element-1.0.0.tgz",
      "integrity": "sha512-MM3IUAQRKn3EJ0D2vjxgobOJLplLAw3YxE7/IRM6ytDYzlPq5iIZ8wsXoPAp/qW3Y+n23HLQUIljmLKywcCEIA==",
      "engines": {
        "npm": ">=3.0.0"
      }
    },
    "node_modules/rax-server-renderer": {
      "version": "1.4.1",
      "resolved": "https://registry.npmjs.org/rax-server-renderer/-/rax-server-renderer-1.4.1.tgz",
      "integrity": "sha512-kxqBUaocSlB7LUxnJqPd1cQqSDdUqDL2hcwpu+YMo30cqTJrG/KqvTMhbUfHavqjrnWPwAiHxOS1RPnXkVZPiw==",
      "dependencies": {
        "style-unit": "^3.0.0"
      },
      "peerDependencies": {
        "rax": "^1.0.0"
      }
    },
    "node_modules/react": {
      "version": "18.2.0",
      "resolved": "https://registry.npmjs.org/react/-/react-18.2.0.tgz",
      "integrity": "sha512-/3IjMdb2L9QbBdWiW5e3P2/npwMBaU9mHCSCUzNln0ZCYbcfTsGbTJrU/kGemdH2IWmB2ioZ+zkxtmq6g09fGQ==",
      "dependencies": {
        "loose-envify": "^1.1.0"
      },
      "engines": {
        "node": ">=0.10.0"
      }
    },
    "node_modules/react-dom": {
      "version": "18.2.0",
      "resolved": "https://registry.npmjs.org/react-dom/-/react-dom-18.2.0.tgz",
      "integrity": "sha512-6IMTriUmvsjHUjNtEDudZfuDQUoWXVxKHhlEGSk81n4YFS+r/Kl99wXiwlVXtPBtJenozv2P+hxDsw9eA7Xo6g==",
      "dependencies": {
        "loose-envify": "^1.1.0",
        "scheduler": "^0.23.0"
      },
      "peerDependencies": {
        "react": "^18.2.0"
      }
    },
    "node_modules/react-is": {
      "version": "16.13.1",
      "resolved": "https://registry.npmjs.org/react-is/-/react-is-16.13.1.tgz",
      "integrity": "sha512-24e6ynE2H+OKt4kqsOvNd8kBpV65zoxbA4BVsEOB3ARVWQki/DHzaUoC5KuON/BiccDaCCTZBuOcfZs70kR8bQ=="
    },
    "node_modules/regenerator-runtime": {
      "version": "0.13.9",
      "resolved": "https://registry.npmjs.org/regenerator-runtime/-/regenerator-runtime-0.13.9.tgz",
      "integrity": "sha512-p3VT+cOEgxFsRRA9X4lkI1E+k2/CtnKtU4gcxyaCUreilL/vqI6CdZ3wxVUx3UOUg+gnUOQQcRI7BmSI656MYA=="
    },
    "node_modules/scheduler": {
      "version": "0.23.0",
      "resolved": "https://registry.npmjs.org/scheduler/-/scheduler-0.23.0.tgz",
      "integrity": "sha512-CtuThmgHNg7zIZWAXi3AsyIzA3n4xx7aNyjwC2VJldO2LMVDhFK+63xGqq6CsJH4rTAt6/M+N4GhZiDYPx9eUw==",
      "dependencies": {
        "loose-envify": "^1.1.0"
      }
    },
    "node_modules/style-unit": {
      "version": "3.0.3",
      "resolved": "https://registry.npmjs.org/style-unit/-/style-unit-3.0.3.tgz",
      "integrity": "sha512-+2LExtnIfyxNaLq+k5U0gOUsVZQRwuj6UkYMH/OzyvR/r72jn7qOT7gMYbeWwHCh46E3c3AUKcYR4JD6zp2jpQ==",
      "dependencies": {
        "@babel/runtime": "^7.14.6",
        "universal-env": "^3.0.0"
      }
    },
    "node_modules/universal-env": {
      "version": "3.3.3",
      "resolved": "https://registry.npmjs.org/universal-env/-/universal-env-3.3.3.tgz",
      "integrity": "sha512-4ZyITvWhtcurCEA66Cb7jcd4zpEiAAo91wSwbEscbiu033pIsC2yjgT8LYyasFgsst6jZHD1gtVoSyYcL8oH1Q==",
      "dependencies": {
        "@uni/env": "^1.0.0"
      },
      "engines": {
        "npm": ">=3.0.0"
      }
    },
    "node_modules/vdo": {
      "version": "4.2.0",
      "resolved": "https://registry.npmjs.org/vdo/-/vdo-4.2.0.tgz",
      "integrity": "sha1-xFNx9HMTs913ET090FkV+ZlJVog=",
      "dependencies": {
        "escape-html": "^1.0.3",
        "flatten": "^1.0.2"
      }
    }
  },
  "dependencies": {
    "@babel/runtime": {
      "version": "7.15.4",
      "resolved": "https://registry.npmjs.org/@babel/runtime/-/runtime-7.15.4.tgz",
      "integrity": "sha512-99catp6bHCaxr4sJ/DbTGgHS4+Rs2RVd2g7iOap6SLGPDknRK9ztKNsE/Fg6QhSeh1FGE5f6gHGQmvvn3I3xhw==",
      "requires": {
        "regenerator-runtime": "^0.13.4"
      }
    },
    "@hyperapp/render": {
      "version": "2.1.0",
      "resolved": "https://registry.npmjs.org/@hyperapp/render/-/render-2.1.0.tgz",
      "integrity": "sha512-Fz9us33EqzzLGO3olcY1YIY3ywe2GAe8nnixGYBywiKTp05ZmgQHAlqG0JJylgBItwn+NEuDpobfXWAe4bFbyQ==",
      "requires": {
        "@types/node": "*",
        "hyperapp": "^1.2.0"
      }
    },
    "@types/node": {
      "version": "10.12.2",
      "resolved": "https://registry.npmjs.org/@types/node/-/node-10.12.2.tgz",
      "integrity": "sha512-53ElVDSnZeFUUFIYzI8WLQ25IhWzb6vbddNp8UHlXQyU0ET2RhV5zg0NfubzU7iNMh5bBXb0htCzfvrSVNgzaQ=="
    },
    "@uni/env": {
      "version": "1.0.7",
      "resolved": "https://registry.npmjs.org/@uni/env/-/env-1.0.7.tgz",
      "integrity": "sha512-qSyMTfk/v15FsJiehe5ICd3OVj9oq+0f+IXYEd3fdkzL4FFsxCSMGgi0LEUUhDXA8qVnJyiflwUtMrqDaZQo3w=="
    },
    "benchmark": {
      "version": "2.1.4",
      "resolved": "https://registry.npmjs.org/benchmark/-/benchmark-2.1.4.tgz",
      "integrity": "sha1-CfPeMckWQl1JjMLuVloOvzwqVik=",
      "requires": {
        "lodash": "^4.17.4",
        "platform": "^1.3.3"
      }
    },
    "csstype": {
      "version": "3.1.2",
      "resolved": "https://registry.npmjs.org/csstype/-/csstype-3.1.2.tgz",
      "integrity": "sha512-I7K1Uu0MBPzaFKg4nI5Q7Vs2t+3gWWW648spaF+Rg7pI9ds18Ugn+lvg4SHczUdKlHI5LWBXyqfS8+DufyBsgQ=="
    },
    "driver-server": {
      "version": "1.0.0",
      "resolved": "https://registry.npmjs.org/driver-server/-/driver-server-1.0.0.tgz",
      "integrity": "sha512-H5nhMzsSJYaug+PDPyXiVW2KvK5k7B7K+yVW3FuHESq494Soh1cfomquJ2pk5RiApQr1z0e+0tif11TVRlM+PQ=="
    },
    "escape-html": {
      "version": "1.0.3",
      "resolved": "https://registry.npmjs.org/escape-html/-/escape-html-1.0.3.tgz",
      "integrity": "sha1-Aljq5NPQwJdN4cFpGI7wBR0dGYg="
    },
    "flatten": {
      "version": "1.0.2",
      "resolved": "https://registry.npmjs.org/flatten/-/flatten-1.0.2.tgz",
      "integrity": "sha1-2uRqnXj74lKSJYzB54CkHZXAN4I="
    },
    "hyperapp": {
      "version": "1.2.9",
      "resolved": "https://registry.npmjs.org/hyperapp/-/hyperapp-1.2.9.tgz",
      "integrity": "sha512-bIzi12am7pyQ5nc2qnQpN6GWonjdJp+AghY7j9H9L0vccM1OQ3Cqn13cZlmS9KYm91Nf9fwF4KjvbQekFBxHVw=="
    },
    "inferno": {
      "version": "8.2.2",
      "resolved": "https://registry.npmjs.org/inferno/-/inferno-8.2.2.tgz",
      "integrity": "sha512-KyCPnsK6eEzAzC6Ulmkc2S3LQSZC6DJSLHdH4zurK2DQ7lyu7e+Q5SziG7/qKufhWtCUgTwUHVzaYk5E2BzI2Q==",
      "requires": {
        "csstype": "^3.1.2",
        "inferno-vnode-flags": "8.2.2",
        "opencollective-postinstall": "^2.0.3"
      }
    },
    "inferno-create-element": {
      "version": "8.2.2",
      "resolved": "https://registry.npmjs.org/inferno-create-element/-/inferno-create-element-8.2.2.tgz",
      "integrity": "sha512-/gO8SUJ/ZifwYazbC02SaCIuzdfRRoIrWU0C1OiA1zJIPmiw5y9UY5+bXogO0r6vWKWuugQROi9ymI0r5k1AAw==",
      "requires": {
        "inferno": "8.2.2"
      }
    },
    "inferno-server": {
      "version": "8.2.2",
      "resolved": "https://registry.npmjs.org/inferno-server/-/inferno-server-8.2.2.tgz",
      "integrity": "sha512-zk+mx5uj5KISnNJqVbeGac+PTZ91/7t8uWrGmxIfWuCqUPxoLIFEVD0VkIdqKLKjqgTFt0eGcFcHT868PrRFag==",
      "requires": {
        "inferno": "8.2.2"
      }
    },
    "inferno-vnode-flags": {
      "version": "8.2.2",
      "resolved": "https://registry.npmjs.org/inferno-vnode-flags/-/inferno-vnode-flags-8.2.2.tgz",
      "integrity": "sha512-ZyGXfFdaBpWCrU25jf/8PqB+C53WnFzpnctCYqL80fV0rQSem3Fjb6nIHGPOJdVc81TkXSKoyoCua/Qfbtc0rw=="
    },
    "js-tokens": {
      "version": "4.0.0",
      "resolved": "https://registry.npmjs.org/js-tokens/-/js-tokens-4.0.0.tgz",
      "integrity": "sha512-RdJUflcE3cUzKiMqQgsCu06FPu9UdIJO0beYbPhHN4k6apgJtifcoCtT9bcxOpYBtpD2kCM6Sbzg4CausW/PKQ=="
    },
    "lodash": {
      "version": "4.17.11",
      "resolved": "https://registry.npmjs.org/lodash/-/lodash-4.17.11.tgz",
      "integrity": "sha512-cQKh8igo5QUhZ7lg38DYWAxMvjSAKG0A8wGSVimP07SIUEK2UO+arSRKbRZWtelMtN5V0Hkwh5ryOto/SshYIg=="
    },
    "loose-envify": {
      "version": "1.4.0",
      "resolved": "https://registry.npmjs.org/loose-envify/-/loose-envify-1.4.0.tgz",
      "integrity": "sha512-lyuxPGr/Wfhrlem2CL/UcnUc1zcqKAImBDzukY7Y5F/yQiNdko6+fRLevlw1HgMySw7f611UIY408EtxRSoK3Q==",
      "requires": {
        "js-tokens": "^3.0.0 || ^4.0.0"
      }
    },
    "nerv-server": {
      "version": "1.5.6",
      "resolved": "https://registry.npmjs.org/nerv-server/-/nerv-server-1.5.6.tgz",
      "integrity": "sha512-rTKZCN2SZhBJjfcgl2IGSYzhiamqYLfy8xzKfgNScT8DpIig7/+G8C+vd7uFulGBLbbDl8DIK8YISZWZVoxd1Q==",
      "requires": {
        "nerv-shared": "1.4.0",
        "nerv-utils": "1.4.5",
        "nervjs": "1.5.6"
      }
    },
    "nerv-shared": {
      "version": "1.4.0",
      "resolved": "https://registry.npmjs.org/nerv-shared/-/nerv-shared-1.4.0.tgz",
      "integrity": "sha512-cCyeP1hnnnMfM5HRcmMKconGwI8Wl0xwekAU4DvqDC1M8NxCOF4TwDmedgdgyNt9EkWNbiotBRUV5zJsbfOQWA=="
    },
    "nerv-utils": {
      "version": "1.4.5",
      "resolved": "https://registry.npmjs.org/nerv-utils/-/nerv-utils-1.4.5.tgz",
      "integrity": "sha512-9XeifC0l+aDXhA0aXcklxS2o7o87xJxMQAl1+iIHrD5Sei/61ubap0oOzb4t9VMhSEvwWm4/rJRd8PGMKZiwiA=="
    },
    "nervjs": {
      "version": "1.5.6",
      "resolved": "https://registry.npmjs.org/nervjs/-/nervjs-1.5.6.tgz",
      "integrity": "sha512-2v8VkGCTUfOaD3C3s9fmCSRnYOw+6UWfbdVk3+vZZF+oD1Hp8+KpcObUV8EZL0GlWa9FhziDYGHOy4M70Fd6KA==",
      "requires": {
        "nerv-shared": "1.4.0",
        "nerv-utils": "1.4.5"
      }
    },
    "object-assign": {
      "version": "4.1.1",
      "resolved": "https://registry.npmjs.org/object-assign/-/object-assign-4.1.1.tgz",
      "integrity": "sha1-IQmtx5ZYh8/AXLvUQsrIv7s2CGM="
    },
    "opencollective-postinstall": {
      "version": "2.0.3",
      "resolved": "https://registry.npmjs.org/opencollective-postinstall/-/opencollective-postinstall-2.0.3.tgz",
      "integrity": "sha512-8AV/sCtuzUeTo8gQK5qDZzARrulB3egtLzFgteqB2tcT4Mw7B8Kt7JcDHmltjz6FOAHsvTevk70gZEbhM4ZS9Q=="
    },
    "platform": {
      "version": "1.3.5",
      "resolved": "https://registry.npmjs.org/platform/-/platform-1.3.5.tgz",
      "integrity": "sha512-TuvHS8AOIZNAlE77WUDiR4rySV/VMptyMfcfeoMgs4P8apaZM3JrnbzBiixKUv+XR6i+BXrQh8WAnjaSPFO65Q=="
    },
    "preact": {
      "version": "10.11.3",
      "resolved": "https://registry.npmjs.org/preact/-/preact-10.11.3.tgz",
      "integrity": "sha512-eY93IVpod/zG3uMF22Unl8h9KkrcKIRs2EGar8hwLZZDU1lkjph303V9HZBwufh2s736U6VXuhD109LYqPoffg=="
    },
    "preact-render-to-string": {
      "version": "5.2.6",
      "resolved": "https://registry.npmjs.org/preact-render-to-string/-/preact-render-to-string-5.2.6.tgz",
      "integrity": "sha512-JyhErpYOvBV1hEPwIxc/fHWXPfnEGdRKxc8gFdAZ7XV4tlzyzG847XAyEZqoDnynP88akM4eaHcSOzNcLWFguw==",
      "requires": {
        "pretty-format": "^3.8.0"
      }
    },
    "pretty-format": {
      "version": "3.8.0",
      "resolved": "https://registry.npmjs.org/pretty-format/-/pretty-format-3.8.0.tgz",
      "integrity": "sha1-v77VbV6ad2ZF9LH/eqGjrE+jw4U="
    },
    "prop-types": {
      "version": "15.7.2",
      "resolved": "https://registry.npmjs.org/prop-types/-/prop-types-15.7.2.tgz",
      "integrity": "sha512-8QQikdH7//R2vurIJSutZ1smHYTcLpRWEOlHnzcWHmBYrOGUysKwSsrC89BCiFj3CbrfJ/nXFdJepOVrY1GCHQ==",
      "requires": {
        "loose-envify": "^1.4.0",
        "object-assign": "^4.1.1",
        "react-is": "^16.8.1"
      }
    },
    "rax": {
      "version": "1.2.2",
      "resolved": "https://registry.npmjs.org/rax/-/rax-1.2.2.tgz",
      "integrity": "sha512-SKUKSXoG2Dp+sFyiFyYzTGmhZlYGxusRSigcokAYTN3r4WTySreXs2WE+6nBBGg26aFyiCsBVHNeI86SQbVsQg==",
      "requires": {
        "@babel/runtime": "^7.2.0",
        "driver-server": "^1.0.0",
        "prop-types": "^15.7.2",
        "rax-children": "^1.0.0",
        "rax-clone-element": "^1.0.0",
        "rax-create-factory": "^1.0.0",
        "rax-is-valid-element": "^1.0.0"
      }
    },
    "rax-children": {
      "version": "1.0.0",
      "resolved": "https://registry.npmjs.org/rax-children/-/rax-children-1.0.0.tgz",
      "integrity": "sha512-sBKEXAMj9ik6SsPfPGgcQnqggmbWFyBdvAV/Cz/0f04bRA86BtWgbMri/9Dce0k8nkEC/BGWiiTdyA8Q49zIiw==",
      "requires": {}
    },
    "rax-clone-element": {
      "version": "1.0.0",
      "resolved": "https://registry.npmjs.org/rax-clone-element/-/rax-clone-element-1.0.0.tgz",
      "integrity": "sha512-TaQMVuzoglvCTjbWATlvvwARmeWnG8kpENWNXrNDv0++x29GHNND/TBbx7sdtVs/QmYwYc8YmwRUhaBwKQi5eQ==",
      "requires": {
        "rax-is-valid-element": "^1.0.0"
      }
    },
    "rax-create-factory": {
      "version": "1.0.0",
      "resolved": "https://registry.npmjs.org/rax-create-factory/-/rax-create-factory-1.0.0.tgz",
      "integrity": "sha512-blBaVrurj/BOWelJhQWiuc0Kk8Ons1jsNsX78omaPBLkSOL7OkyJ3NC/0iKXHu425yWrGB6e5vho/qabROC7VQ==",
      "requires": {}
    },
    "rax-is-valid-element": {
      "version": "1.0.0",
      "resolved": "https://registry.npmjs.org/rax-is-valid-element/-/rax-is-valid-element-1.0.0.tgz",
      "integrity": "sha512-MM3IUAQRKn3EJ0D2vjxgobOJLplLAw3YxE7/IRM6ytDYzlPq5iIZ8wsXoPAp/qW3Y+n23HLQUIljmLKywcCEIA=="
    },
    "rax-server-renderer": {
      "version": "1.4.1",
      "resolved": "https://registry.npmjs.org/rax-server-renderer/-/rax-server-renderer-1.4.1.tgz",
      "integrity": "sha512-kxqBUaocSlB7LUxnJqPd1cQqSDdUqDL2hcwpu+YMo30cqTJrG/KqvTMhbUfHavqjrnWPwAiHxOS1RPnXkVZPiw==",
      "requires": {
        "style-unit": "^3.0.0"
      }
    },
    "react": {
      "version": "18.2.0",
      "resolved": "https://registry.npmjs.org/react/-/react-18.2.0.tgz",
      "integrity": "sha512-/3IjMdb2L9QbBdWiW5e3P2/npwMBaU9mHCSCUzNln0ZCYbcfTsGbTJrU/kGemdH2IWmB2ioZ+zkxtmq6g09fGQ==",
      "requires": {
        "loose-envify": "^1.1.0"
      }
    },
    "react-dom": {
      "version": "18.2.0",
      "resolved": "https://registry.npmjs.org/react-dom/-/react-dom-18.2.0.tgz",
      "integrity": "sha512-6IMTriUmvsjHUjNtEDudZfuDQUoWXVxKHhlEGSk81n4YFS+r/Kl99wXiwlVXtPBtJenozv2P+hxDsw9eA7Xo6g==",
      "requires": {
        "loose-envify": "^1.1.0",
        "scheduler": "^0.23.0"
      }
    },
    "react-is": {
      "version": "16.13.1",
      "resolved": "https://registry.npmjs.org/react-is/-/react-is-16.13.1.tgz",
      "integrity": "sha512-24e6ynE2H+OKt4kqsOvNd8kBpV65zoxbA4BVsEOB3ARVWQki/DHzaUoC5KuON/BiccDaCCTZBuOcfZs70kR8bQ=="
    },
    "regenerator-runtime": {
      "version": "0.13.9",
      "resolved": "https://registry.npmjs.org/regenerator-runtime/-/regenerator-runtime-0.13.9.tgz",
      "integrity": "sha512-p3VT+cOEgxFsRRA9X4lkI1E+k2/CtnKtU4gcxyaCUreilL/vqI6CdZ3wxVUx3UOUg+gnUOQQcRI7BmSI656MYA=="
    },
    "scheduler": {
      "version": "0.23.0",
      "resolved": "https://registry.npmjs.org/scheduler/-/scheduler-0.23.0.tgz",
      "integrity": "sha512-CtuThmgHNg7zIZWAXi3AsyIzA3n4xx7aNyjwC2VJldO2LMVDhFK+63xGqq6CsJH4rTAt6/M+N4GhZiDYPx9eUw==",
      "requires": {
        "loose-envify": "^1.1.0"
      }
    },
    "style-unit": {
      "version": "3.0.3",
      "resolved": "https://registry.npmjs.org/style-unit/-/style-unit-3.0.3.tgz",
      "integrity": "sha512-+2LExtnIfyxNaLq+k5U0gOUsVZQRwuj6UkYMH/OzyvR/r72jn7qOT7gMYbeWwHCh46E3c3AUKcYR4JD6zp2jpQ==",
      "requires": {
        "@babel/runtime": "^7.14.6",
        "universal-env": "^3.0.0"
      }
    },
    "universal-env": {
      "version": "3.3.3",
      "resolved": "https://registry.npmjs.org/universal-env/-/universal-env-3.3.3.tgz",
      "integrity": "sha512-4ZyITvWhtcurCEA66Cb7jcd4zpEiAAo91wSwbEscbiu033pIsC2yjgT8LYyasFgsst6jZHD1gtVoSyYcL8oH1Q==",
      "requires": {
        "@uni/env": "^1.0.0"
      }
    },
    "vdo": {
      "version": "4.2.0",
      "resolved": "https://registry.npmjs.org/vdo/-/vdo-4.2.0.tgz",
      "integrity": "sha1-xFNx9HMTs913ET090FkV+ZlJVog=",
      "requires": {
        "escape-html": "^1.0.3",
        "flatten": "^1.0.2"
      }
    }
  }
}
