{
  "name": "hyperons-benchmark",
  "version": "0.0.0",
  "lockfileVersion": 1,
  "requires": true,
  "dependencies": {
    "@babel/runtime": {
      "version": "7.4.5",
      "resolved": "https://registry.npmjs.org/@babel/runtime/-/runtime-7.4.5.tgz",
      "integrity": "sha512-TuI4qpWZP6lGOGIuGWtp9sPluqYICmbk8T/1vpSysqJxRPkudh/ofFWyqdcMsDf2s7KvDL4/YHgKyvcS3g9CJQ==",
      "requires": {
        "regenerator-runtime": "^0.13.2"
      }
    },
    "@hyperapp/render": {
      "version": "2.1.0",
      "resolved": "https://registry.npmjs.org/@hyperapp/render/-/render-2.1.0.tgz",
      "integrity": "sha512-Fz9us33EqzzLGO3olcY1YIY3ywe2GAe8nnixGYBywiKTp05ZmgQHAlqG0JJylgBItwn+NEuDpobfXWAe4bFbyQ==",
      "requires": {
        "@types/node": "*",
        "hyperapp": "^1.2.0"
      }
    },
    "@types/node": {
      "version": "10.12.2",
      "resolved": "https://registry.npmjs.org/@types/node/-/node-10.12.2.tgz",
      "integrity": "sha512-53ElVDSnZeFUUFIYzI8WLQ25IhWzb6vbddNp8UHlXQyU0ET2RhV5zg0NfubzU7iNMh5bBXb0htCzfvrSVNgzaQ=="
    },
    "benchmark": {
      "version": "2.1.4",
      "resolved": "https://registry.npmjs.org/benchmark/-/benchmark-2.1.4.tgz",
      "integrity": "sha1-CfPeMckWQl1JjMLuVloOvzwqVik=",
      "requires": {
        "lodash": "^4.17.4",
        "platform": "^1.3.3"
      }
    },
    "driver-server": {
      "version": "1.0.0",
      "resolved": "https://registry.npmjs.org/driver-server/-/driver-server-1.0.0.tgz",
      "integrity": "sha512-H5nhMzsSJYaug+PDPyXiVW2KvK5k7B7K+yVW3FuHESq494Soh1cfomquJ2pk5RiApQr1z0e+0tif11TVRlM+PQ=="
    },
    "escape-html": {
      "version": "1.0.3",
      "resolved": "https://registry.npmjs.org/escape-html/-/escape-html-1.0.3.tgz",
      "integrity": "sha1-Aljq5NPQwJdN4cFpGI7wBR0dGYg="
    },
    "flatten": {
      "version": "1.0.2",
      "resolved": "https://registry.npmjs.org/flatten/-/flatten-1.0.2.tgz",
      "integrity": "sha1-2uRqnXj74lKSJYzB54CkHZXAN4I="
    },
    "hyperapp": {
      "version": "1.2.9",
      "resolved": "https://registry.npmjs.org/hyperapp/-/hyperapp-1.2.9.tgz",
      "integrity": "sha512-bIzi12am7pyQ5nc2qnQpN6GWonjdJp+AghY7j9H9L0vccM1OQ3Cqn13cZlmS9KYm91Nf9fwF4KjvbQekFBxHVw=="
    },
    "hyperons": {
      "version": "1.0.0-beta.2",
      "resolved": "https://registry.npmjs.org/hyperons/-/hyperons-1.0.0-beta.2.tgz",
      "integrity": "sha512-+Zhuq6OrYuKfq9xLJRBIWk4sKnKDskjubrFqzF3gB3UCBX/xSmnY5E08LdyC65vrQplnB2ZL5/6QfzrSmXju9Q=="
    },
    "inferno": {
      "version": "7.1.12",
      "resolved": "https://registry.npmjs.org/inferno/-/inferno-7.1.12.tgz",
      "integrity": "sha512-uye9syd9evO6iPi/o5WAWf217j9HlJD7AzzLZb3Lj4RSXrxFhKsUnQABngvQ/+M/wLxR8zB9kr6VLSuXXujq3Q==",
      "requires": {
        "inferno-shared": "7.1.12",
        "inferno-vnode-flags": "7.1.12",
        "opencollective-postinstall": "^2.0.2"
      }
    },
    "inferno-create-element": {
      "version": "7.1.12",
      "resolved": "https://registry.npmjs.org/inferno-create-element/-/inferno-create-element-7.1.12.tgz",
      "integrity": "sha512-hLpsicbO7CAbUDJBgmYw/amT1vbH3Q2NNunDtjxOZCb1p6942cOhxzC+US+A9PcY6R6YDDsW1S1QMw8QMHlnvw==",
      "requires": {
        "inferno": "7.1.12"
      }
    },
    "inferno-server": {
      "version": "7.1.12",
      "resolved": "https://registry.npmjs.org/inferno-server/-/inferno-server-7.1.12.tgz",
      "integrity": "sha512-QDgcI7FtcBXZ7POl+KlHmVxgQn6fDAvVQrgkn7Uk1NCrFv6LIweQFD+PM7qcJcw/9W5Zp13KQtO+dilXGBS5Nw==",
      "requires": {
        "inferno": "7.1.12"
      }
    },
    "inferno-shared": {
      "version": "7.1.12",
      "resolved": "https://registry.npmjs.org/inferno-shared/-/inferno-shared-7.1.12.tgz",
      "integrity": "sha512-1YuaU0yw4p9EP2FH2pNyW53wynWxZkHFoL5HbI0AauuKHNY4dir5ZwgiAp8lyXp9WmGW5b3CVBeGeiJCHLaZlQ=="
    },
    "inferno-vnode-flags": {
      "version": "7.1.12",
      "resolved": "https://registry.npmjs.org/inferno-vnode-flags/-/inferno-vnode-flags-7.1.12.tgz",
      "integrity": "sha512-caJo+6bZPNrpS02j66CDlm9DGGsQ7GJeewLHfCL13p4UxmNI7Zzz4jK0Xsz0seG7yz8wonWiboQcaku6Yg8YjA=="
    },
    "js-tokens": {
      "version": "4.0.0",
      "resolved": "https://registry.npmjs.org/js-tokens/-/js-tokens-4.0.0.tgz",
      "integrity": "sha512-RdJUflcE3cUzKiMqQgsCu06FPu9UdIJO0beYbPhHN4k6apgJtifcoCtT9bcxOpYBtpD2kCM6Sbzg4CausW/PKQ=="
    },
    "lodash": {
      "version": "4.17.11",
      "resolved": "https://registry.npmjs.org/lodash/-/lodash-4.17.11.tgz",
      "integrity": "sha512-cQKh8igo5QUhZ7lg38DYWAxMvjSAKG0A8wGSVimP07SIUEK2UO+arSRKbRZWtelMtN5V0Hkwh5ryOto/SshYIg=="
    },
    "loose-envify": {
      "version": "1.4.0",
      "resolved": "https://registry.npmjs.org/loose-envify/-/loose-envify-1.4.0.tgz",
      "integrity": "sha512-lyuxPGr/Wfhrlem2CL/UcnUc1zcqKAImBDzukY7Y5F/yQiNdko6+fRLevlw1HgMySw7f611UIY408EtxRSoK3Q==",
      "requires": {
        "js-tokens": "^3.0.0 || ^4.0.0"
      }
    },
    "nerv-server": {
      "version": "1.4.0-beta.5",
      "resolved": "https://registry.npmjs.org/nerv-server/-/nerv-server-1.4.0-beta.5.tgz",
      "integrity": "sha512-Z2iUDi1vSiFrWTLjvpy7zqbEmPz1D0wOFltwzE9qOsljGKdyZJB/PN/7YafLSFJV8IIeCmJ5f/V0VOxR/yDnMg==",
      "requires": {
        "nerv-shared": "1.4.0-beta.5",
        "nerv-utils": "1.4.0-beta.5",
        "nervjs": "1.4.0-beta.5"
      }
    },
    "nerv-shared": {
      "version": "1.4.0-beta.5",
      "resolved": "https://registry.npmjs.org/nerv-shared/-/nerv-shared-1.4.0-beta.5.tgz",
      "integrity": "sha512-kvSCcwt4eKhGOnSp0PWCzdn/JDVEP4HLyfJTRDANuVnwZt6ORWt0iFnJS8tEifQsVsa9G+16KqOhnueojMJnEA=="
    },
    "nerv-utils": {
      "version": "1.4.0-beta.5",
      "resolved": "https://registry.npmjs.org/nerv-utils/-/nerv-utils-1.4.0-beta.5.tgz",
      "integrity": "sha512-XxCpJogZmyh+zBhHCfCG8ImhMHI3SP2/0jK4wx4j0c0FaTNXTkL44+mph6qEklW5ToW3Iq/EqmJZCmKZQVQTPw=="
    },
    "nervjs": {
      "version": "1.4.0-beta.5",
      "resolved": "https://registry.npmjs.org/nervjs/-/nervjs-1.4.0-beta.5.tgz",
      "integrity": "sha512-j2H8gePJOYtYWd/1aJTuyHTfptZY1aDKR9eVhNsMiJaNeZBWcJCOD59xZG2FsDni5ATQ75TobngOJpEdh9EUag==",
      "requires": {
        "nerv-shared": "1.4.0-beta.5",
        "nerv-utils": "1.4.0-beta.5"
      }
    },
    "object-assign": {
      "version": "4.1.1",
      "resolved": "https://registry.npmjs.org/object-assign/-/object-assign-4.1.1.tgz",
      "integrity": "sha1-IQmtx5ZYh8/AXLvUQsrIv7s2CGM="
    },
    "opencollective-postinstall": {
      "version": "2.0.2",
      "resolved": "https://registry.npmjs.org/opencollective-postinstall/-/opencollective-postinstall-2.0.2.tgz",
      "integrity": "sha512-pVOEP16TrAO2/fjej1IdOyupJY8KDUM1CvsaScRbw6oddvpQoOfGk4ywha0HKKVAD6RkW4x6Q+tNBwhf3Bgpuw=="
    },
    "platform": {
      "version": "1.3.5",
      "resolved": "https://registry.npmjs.org/platform/-/platform-1.3.5.tgz",
      "integrity": "sha512-TuvHS8AOIZNAlE77WUDiR4rySV/VMptyMfcfeoMgs4P8apaZM3JrnbzBiixKUv+XR6i+BXrQh8WAnjaSPFO65Q=="
    },
    "preact": {
      "version": "10.0.0",
      "resolved": "https://registry.npmjs.org/preact/-/preact-10.0.0.tgz",
      "integrity": "sha512-v5geBMq8xlX7Ai8ed0QFXIs7/SQ+4lzdu3fpApRspZ6IiFDRHeEXQ3fqns0jDsXseHjYqgWlK1QxqdWF4QrdFw=="
    },
    "preact-render-to-string": {
      "version": "4.1.0",
      "resolved": "https://registry.npmjs.org/preact-render-to-string/-/preact-render-to-string-4.1.0.tgz",
      "integrity": "sha512-FlFBJRxo8z4cp6VsDmeYjIEx4ZK2clFJnKIvIj8K1IQCRm7ZgJ/SZ1+BotT86/Nc+V1pNtFabHoUi6gpjx5Pug==",
      "requires": {
        "pretty-format": "^3.8.0"
      }
    },
    "pretty-format": {
      "version": "3.8.0",
      "resolved": "http://registry.npmjs.org/pretty-format/-/pretty-format-3.8.0.tgz",
      "integrity": "sha1-v77VbV6ad2ZF9LH/eqGjrE+jw4U="
    },
    "prop-types": {
      "version": "15.7.2",
      "resolved": "https://registry.npmjs.org/prop-types/-/prop-types-15.7.2.tgz",
      "integrity": "sha512-8QQikdH7//R2vurIJSutZ1smHYTcLpRWEOlHnzcWHmBYrOGUysKwSsrC89BCiFj3CbrfJ/nXFdJepOVrY1GCHQ==",
      "requires": {
        "loose-envify": "^1.4.0",
        "object-assign": "^4.1.1",
        "react-is": "^16.8.1"
      }
    },
    "rax": {
      "version": "1.0.4",
      "resolved": "https://registry.npmjs.org/rax/-/rax-1.0.4.tgz",
      "integrity": "sha512-CXwtxXU57S2PDry8MAJzaD+eQtoPl7HcKq14BSMglE92fqM1/V66K+M8OWr5KXLRKxZzFGQ7TX4j3AXwAdgGSQ==",
      "requires": {
        "@babel/runtime": "^7.2.0",
        "driver-server": "^1.0.0",
        "rax-children": "^1.0.0",
        "rax-clone-element": "^1.0.0",
        "rax-create-factory": "^1.0.0",
        "rax-is-valid-element": "^1.0.0"
      }
    },
    "rax-children": {
      "version": "1.0.0",
      "resolved": "https://registry.npmjs.org/rax-children/-/rax-children-1.0.0.tgz",
      "integrity": "sha512-sBKEXAMj9ik6SsPfPGgcQnqggmbWFyBdvAV/Cz/0f04bRA86BtWgbMri/9Dce0k8nkEC/BGWiiTdyA8Q49zIiw=="
    },
    "rax-clone-element": {
      "version": "1.0.0",
      "resolved": "https://registry.npmjs.org/rax-clone-element/-/rax-clone-element-1.0.0.tgz",
      "integrity": "sha512-TaQMVuzoglvCTjbWATlvvwARmeWnG8kpENWNXrNDv0++x29GHNND/TBbx7sdtVs/QmYwYc8YmwRUhaBwKQi5eQ==",
      "requires": {
        "rax-is-valid-element": "^1.0.0"
      }
    },
    "rax-create-factory": {
      "version": "1.0.0",
      "resolved": "https://registry.npmjs.org/rax-create-factory/-/rax-create-factory-1.0.0.tgz",
      "integrity": "sha512-blBaVrurj/BOWelJhQWiuc0Kk8Ons1jsNsX78omaPBLkSOL7OkyJ3NC/0iKXHu425yWrGB6e5vho/qabROC7VQ=="
    },
    "rax-is-valid-element": {
      "version": "1.0.0",
      "resolved": "https://registry.npmjs.org/rax-is-valid-element/-/rax-is-valid-element-1.0.0.tgz",
      "integrity": "sha512-MM3IUAQRKn3EJ0D2vjxgobOJLplLAw3YxE7/IRM6ytDYzlPq5iIZ8wsXoPAp/qW3Y+n23HLQUIljmLKywcCEIA=="
    },
    "rax-server-renderer": {
      "version": "1.0.1",
      "resolved": "https://registry.npmjs.org/rax-server-renderer/-/rax-server-renderer-1.0.1.tgz",
      "integrity": "sha512-7niEFVF41k4/TAIz/cHhkMsa6Jty8UQs4y0n8eBhF2jfkiCe15WjbnWJSlsQh4mOmqG5H5Y4aR9IxyAsFKhUAA=="
    },
    "react": {
      "version": "16.8.6",
      "resolved": "https://registry.npmjs.org/react/-/react-16.8.6.tgz",
      "integrity": "sha512-pC0uMkhLaHm11ZSJULfOBqV4tIZkx87ZLvbbQYunNixAAvjnC+snJCg0XQXn9VIsttVsbZP/H/ewzgsd5fxKXw==",
      "requires": {
        "loose-envify": "^1.1.0",
        "object-assign": "^4.1.1",
        "prop-types": "^15.6.2",
        "scheduler": "^0.13.6"
      }
    },
    "react-dom": {
      "version": "16.8.6",
      "resolved": "https://registry.npmjs.org/react-dom/-/react-dom-16.8.6.tgz",
      "integrity": "sha512-1nL7PIq9LTL3fthPqwkvr2zY7phIPjYrT0jp4HjyEQrEROnw4dG41VVwi/wfoCneoleqrNX7iAD+pXebJZwrwA==",
      "requires": {
        "loose-envify": "^1.1.0",
        "object-assign": "^4.1.1",
        "prop-types": "^15.6.2",
        "scheduler": "^0.13.6"
      }
    },
    "react-is": {
      "version": "16.8.6",
      "resolved": "https://registry.npmjs.org/react-is/-/react-is-16.8.6.tgz",
      "integrity": "sha512-aUk3bHfZ2bRSVFFbbeVS4i+lNPZr3/WM5jT2J5omUVV1zzcs1nAaf3l51ctA5FFvCRbhrH0bdAsRRQddFJZPtA=="
    },
    "regenerator-runtime": {
      "version": "0.13.2",
      "resolved": "https://registry.npmjs.org/regenerator-runtime/-/regenerator-runtime-0.13.2.tgz",
      "integrity": "sha512-S/TQAZJO+D3m9xeN1WTI8dLKBBiRgXBlTJvbWjCThHWZj9EvHK70Ff50/tYj2J/fvBY6JtFVwRuazHN2E7M9BA=="
    },
    "scheduler": {
      "version": "0.13.6",
      "resolved": "https://registry.npmjs.org/scheduler/-/scheduler-0.13.6.tgz",
      "integrity": "sha512-IWnObHt413ucAYKsD9J1QShUKkbKLQQHdxRyw73sw4FN26iWr3DY/H34xGPe4nmL1DwXyWmSWmMrA9TfQbE/XQ==",
      "requires": {
        "loose-envify": "^1.1.0",
        "object-assign": "^4.1.1"
      }
    },
    "vdo": {
      "version": "4.2.0",
      "resolved": "https://registry.npmjs.org/vdo/-/vdo-4.2.0.tgz",
      "integrity": "sha1-xFNx9HMTs913ET090FkV+ZlJVog=",
      "requires": {
        "escape-html": "^1.0.3",
        "flatten": "^1.0.2"
      }
    }
  }
}
